# This file is automatically @generated by Cargo.
# It is not intended for manual editing.
version = 3

[[package]]
name = "add_one_p"
version = "0.1.0"
dependencies = [
 "add_two",
]

[[package]]
name = "add_two"
version = "0.1.0"

[[package]]
name = "addr"
version = "0.1.0"
dependencies = [
 "add_one_p",
 "add_two",
]
